<?xml version="1.0" encoding="UTF-8" standalone="yes" ?>
<CodeBlocks_project_file>
	<FileVersion major="1" minor="6" />
	<Project>
		<Option title="B2_Aide_decision" />
		<Option pch_mode="2" />
		<Option compiler="gcc" />
		<Build>
			<Target title="Debug">
				<Option output="bin/Debug/B2_Aide_decision" prefix_auto="1" extension_auto="1" />
				<Option object_output="obj/Debug/" />
				<Option type="1" />
				<Option compiler="gcc" />
				<Compiler>
					<Add option="-g" />
				</Compiler>
			</Target>
			<Target title="Release">
				<Option output="bin/Release/B2_Aide_decision" prefix_auto="1" extension_auto="1" />
				<Option object_output="obj/Release/" />
				<Option type="1" />
				<Option compiler="gcc" />
				<Compiler>
					<Add option="-O2" />
				</Compiler>
				<Linker>
					<Add option="-s" />
				</Linker>
			</Target>
		</Build>
		<Compiler>
			<Add option="-Wall" />
			<Add option="-fexceptions" />
		</Compiler>
		<Unit filename="B2BinaryConstraint.cpp" />
		<Unit filename="B2BinaryConstraint.h" />
		<Unit filename="B2Constraint.cpp" />
		<Unit filename="B2Constraint.h" />
		<Unit filename="B2MultipleConstraint.cpp" />
		<Unit filename="B2MultipleConstraint.h" />
		<Unit filename="B2Problem.cpp" />
		<Unit filename="B2Problem.h" />
		<Unit filename="B2Tree.cpp" />
		<Unit filename="B2Tree.h" />
		<Unit filename="B2Variable.cpp" />
		<Unit filename="B2Variable.h" />
		<Unit filename="B2includes.h">
			<Option target="&lt;{~None~}&gt;" />
		</Unit>
		<Unit filename="main.cpp" />
		<Extensions>
			<code_completion />
			<envvars />
			<debugger />
		</Extensions>
	</Project>
</CodeBlocks_project_file>
